
Microsoft Visual Studio Solution File, Format Version 12.00
Project("{FAE04EC0-301F-11D3-BF4B-00C04F79EFBC}") = "SQSAlarms", "SQSAlarms.csproj", "{EBBD43B3-1C6C-4588-A2D1-D4AEAA96748D}"
EndProject
Global
	GlobalSection(SolutionConfigurationPlatforms) = preSolution
		Debug|Any CPU = Debug|Any CPU
		Release|Any CPU = Release|Any CPU
	EndGlobalSection
	GlobalSection(ProjectConfigurationPlatforms) = postSolution
		{EBBD43B3-1C6C-4588-A2D1-D4AEAA96748D}.Debug|Any CPU.ActiveCfg = Debug|Any CPU
		{EBBD43B3-1C6C-4588-A2D1-D4AEAA96748D}.Debug|Any CPU.Build.0 = Debug|Any CPU
		{EBBD43B3-1C6C-4588-A2D1-D4AEAA96748D}.Release|Any CPU.ActiveCfg = Release|Any CPU
		{EBBD43B3-1C6C-4588-A2D1-D4AEAA96748D}.Release|Any CPU.Build.0 = Release|Any CPU
	EndGlobalSection
EndGlobal
